
Microsoft Visual Studio Solution File, Format Version 12.00
# Visual Studio 15
VisualStudioVersion = 15.0.28010.2026
MinimumVisualStudioVersion = 10.0.40219.1
Project("{FAE04EC0-301F-11D3-BF4B-00C04F79EFBC}") = "Phantom Games", "Phantom Games\Phantom Games.csproj", "{A133FADE-34E2-4207-A3E4-1E2329EAC43D}"
EndProject
Global
	GlobalSection(SolutionConfigurationPlatforms) = preSolution
		Debug|Any CPU = Debug|Any CPU
		Release|Any CPU = Release|Any CPU
	EndGlobalSection
	GlobalSection(ProjectConfigurationPlatforms) = postSolution
		{A133FADE-34E2-4207-A3E4-1E2329EAC43D}.Debug|Any CPU.ActiveCfg = Debug|Any CPU
		{A133FADE-34E2-4207-A3E4-1E2329EAC43D}.Debug|Any CPU.Build.0 = Debug|Any CPU
		{A133FADE-34E2-4207-A3E4-1E2329EAC43D}.Release|Any CPU.ActiveCfg = Release|Any CPU
		{A133FADE-34E2-4207-A3E4-1E2329EAC43D}.Release|Any CPU.Build.0 = Release|Any CPU
	EndGlobalSection
	GlobalSection(SolutionProperties) = preSolution
		HideSolutionNode = FALSE
	EndGlobalSection
	GlobalSection(ExtensibilityGlobals) = postSolution
		SolutionGuid = {0985AC78-3EB5-4684-8749-D297F76A8501}
	EndGlobalSection
EndGlobal
